
Microsoft Visual Studio Solution File, Format Version 12.00
# Visual Studio 15
VisualStudioVersion = 15.0.28307.572
MinimumVisualStudioVersion = 10.0.40219.1
Project("{FAE04EC0-301F-11D3-BF4B-00C04F79EFBC}") = "NovoCore", "NovoCore\NovoCore.csproj", "{0E8EAF9A-F690-4BAE-9EB2-E730E3F31244}"
EndProject
Global
	GlobalSection(SolutionConfigurationPlatforms) = preSolution
		Debug|Any CPU = Debug|Any CPU
		Release|Any CPU = Release|Any CPU
	EndGlobalSection
	GlobalSection(ProjectConfigurationPlatforms) = postSolution
		{0E8EAF9A-F690-4BAE-9EB2-E730E3F31244}.Debug|Any CPU.ActiveCfg = Debug|Any CPU
		{0E8EAF9A-F690-4BAE-9EB2-E730E3F31244}.Debug|Any CPU.Build.0 = Debug|Any CPU
		{0E8EAF9A-F690-4BAE-9EB2-E730E3F31244}.Release|Any CPU.ActiveCfg = Release|Any CPU
		{0E8EAF9A-F690-4BAE-9EB2-E730E3F31244}.Release|Any CPU.Build.0 = Release|Any CPU
	EndGlobalSection
	GlobalSection(SolutionProperties) = preSolution
		HideSolutionNode = FALSE
	EndGlobalSection
	GlobalSection(ExtensibilityGlobals) = postSolution
		SolutionGuid = {4C82D080-5EDF-4455-96BE-503D16A22801}
	EndGlobalSection
EndGlobal
